
Microsoft Visual Studio Solution File, Format Version 12.00
# Visual Studio Version 17
VisualStudioVersion = 17.6.33723.286
MinimumVisualStudioVersion = 10.0.40219.1
Project("{FAE04EC0-301F-11D3-BF4B-00C04F79EFBC}") = "PuntoPoo2023Nuevo.Consola", "PuntoPoo2023Nuevo.Consola\PuntoPoo2023Nuevo.Consola.csproj", "{1A07BE7D-5A13-42C3-AEAC-21962796287E}"
EndProject
Project("{FAE04EC0-301F-11D3-BF4B-00C04F79EFBC}") = "PuntoPoo2023Nuevo.Entidades", "PuntoPoo2023Nuevo.Entidades\PuntoPoo2023Nuevo.Entidades.csproj", "{9115B748-0C01-4C69-924F-CADF6E7C527F}"
EndProject
Global
	GlobalSection(SolutionConfigurationPlatforms) = preSolution
		Debug|Any CPU = Debug|Any CPU
		Release|Any CPU = Release|Any CPU
	EndGlobalSection
	GlobalSection(ProjectConfigurationPlatforms) = postSolution
		{1A07BE7D-5A13-42C3-AEAC-21962796287E}.Debug|Any CPU.ActiveCfg = Debug|Any CPU
		{1A07BE7D-5A13-42C3-AEAC-21962796287E}.Debug|Any CPU.Build.0 = Debug|Any CPU
		{1A07BE7D-5A13-42C3-AEAC-21962796287E}.Release|Any CPU.ActiveCfg = Release|Any CPU
		{1A07BE7D-5A13-42C3-AEAC-21962796287E}.Release|Any CPU.Build.0 = Release|Any CPU
		{9115B748-0C01-4C69-924F-CADF6E7C527F}.Debug|Any CPU.ActiveCfg = Debug|Any CPU
		{9115B748-0C01-4C69-924F-CADF6E7C527F}.Debug|Any CPU.Build.0 = Debug|Any CPU
		{9115B748-0C01-4C69-924F-CADF6E7C527F}.Release|Any CPU.ActiveCfg = Release|Any CPU
		{9115B748-0C01-4C69-924F-CADF6E7C527F}.Release|Any CPU.Build.0 = Release|Any CPU
	EndGlobalSection
	GlobalSection(SolutionProperties) = preSolution
		HideSolutionNode = FALSE
	EndGlobalSection
	GlobalSection(ExtensibilityGlobals) = postSolution
		SolutionGuid = {8D707A30-C3B8-4B81-BD90-F711187414BB}
	EndGlobalSection
EndGlobal
